
Microsoft Visual Studio Solution File, Format Version 12.00
Project("{FAE04EC0-301F-11D3-BF4B-00C04F79EFBC}") = "Domain", "Domain\Domain.csproj", "{234481FD-E08E-4180-92C2-AF5E528B71A9}"
EndProject
Project("{FAE04EC0-301F-11D3-BF4B-00C04F79EFBC}") = "DAL", "DAL\DAL.csproj", "{49FB25E2-FF69-4EF8-9754-3ED98879B58B}"
EndProject
Project("{FAE04EC0-301F-11D3-BF4B-00C04F79EFBC}") = "WebApp", "WebApp\WebApp.csproj", "{6A680B17-1E2C-4EDA-815A-D3B5EB51260F}"
EndProject
Global
	GlobalSection(SolutionConfigurationPlatforms) = preSolution
		Debug|Any CPU = Debug|Any CPU
		Release|Any CPU = Release|Any CPU
	EndGlobalSection
	GlobalSection(ProjectConfigurationPlatforms) = postSolution
		{234481FD-E08E-4180-92C2-AF5E528B71A9}.Debug|Any CPU.ActiveCfg = Debug|Any CPU
		{234481FD-E08E-4180-92C2-AF5E528B71A9}.Debug|Any CPU.Build.0 = Debug|Any CPU
		{234481FD-E08E-4180-92C2-AF5E528B71A9}.Release|Any CPU.ActiveCfg = Release|Any CPU
		{234481FD-E08E-4180-92C2-AF5E528B71A9}.Release|Any CPU.Build.0 = Release|Any CPU
		{49FB25E2-FF69-4EF8-9754-3ED98879B58B}.Debug|Any CPU.ActiveCfg = Debug|Any CPU
		{49FB25E2-FF69-4EF8-9754-3ED98879B58B}.Debug|Any CPU.Build.0 = Debug|Any CPU
		{49FB25E2-FF69-4EF8-9754-3ED98879B58B}.Release|Any CPU.ActiveCfg = Release|Any CPU
		{49FB25E2-FF69-4EF8-9754-3ED98879B58B}.Release|Any CPU.Build.0 = Release|Any CPU
		{6A680B17-1E2C-4EDA-815A-D3B5EB51260F}.Debug|Any CPU.ActiveCfg = Debug|Any CPU
		{6A680B17-1E2C-4EDA-815A-D3B5EB51260F}.Debug|Any CPU.Build.0 = Debug|Any CPU
		{6A680B17-1E2C-4EDA-815A-D3B5EB51260F}.Release|Any CPU.ActiveCfg = Release|Any CPU
		{6A680B17-1E2C-4EDA-815A-D3B5EB51260F}.Release|Any CPU.Build.0 = Release|Any CPU
	EndGlobalSection
EndGlobal
